
Microsoft Visual Studio Solution File, Format Version 12.00
# Visual Studio Version 17
VisualStudioVersion = 17.2.32616.157
MinimumVisualStudioVersion = 10.0.40219.1
Project("{FAE04EC0-301F-11D3-BF4B-00C04F79EFBC}") = "QuestionExcersise", "QuestionExcersise\QuestionExcersise.csproj", "{C75C9363-E7AC-419D-8E49-C39C79A8CA23}"
EndProject
Global
	GlobalSection(SolutionConfigurationPlatforms) = preSolution
		Debug|Any CPU = Debug|Any CPU
		Release|Any CPU = Release|Any CPU
	EndGlobalSection
	GlobalSection(ProjectConfigurationPlatforms) = postSolution
		{C75C9363-E7AC-419D-8E49-C39C79A8CA23}.Debug|Any CPU.ActiveCfg = Debug|Any CPU
		{C75C9363-E7AC-419D-8E49-C39C79A8CA23}.Debug|Any CPU.Build.0 = Debug|Any CPU
		{C75C9363-E7AC-419D-8E49-C39C79A8CA23}.Release|Any CPU.ActiveCfg = Release|Any CPU
		{C75C9363-E7AC-419D-8E49-C39C79A8CA23}.Release|Any CPU.Build.0 = Release|Any CPU
	EndGlobalSection
	GlobalSection(SolutionProperties) = preSolution
		HideSolutionNode = FALSE
	EndGlobalSection
	GlobalSection(ExtensibilityGlobals) = postSolution
		SolutionGuid = {DA15AFB6-70AE-471B-AAFA-57F6A5A15636}
	EndGlobalSection
EndGlobal
